{
  "version": 4,
  "terraform_version": "1.14.2",
  "serial": 2,
  "lineage": "41e4cb73-3acd-a8df-2923-e76bfef5a243",
  "outputs": {
    "account_id": {
      "value": "344167512235",
      "type": "string"
    },
    "availability_zone_count": {
      "value": 6,
      "type": "number"
    },
    "availability_zones": {
      "value": [
        "us-east-1a",
        "us-east-1b",
        "us-east-1c",
        "us-east-1d",
        "us-east-1e",
        "us-east-1f"
      ],
      "type": [
        "list",
        "string"
      ]
    },
    "bucket_arn": {
      "value": "arn:aws:s3:::terraform-gym-03-344167512235-us-east-1",
      "type": "string"
    },
    "bucket_name": {
      "value": "terraform-gym-03-344167512235-us-east-1",
      "type": "string"
    },
    "bucket_region": {
      "value": "us-east-1",
      "type": "string"
    },
    "caller_arn": {
      "value": "arn:aws:iam::344167512235:user/O.masood",
      "type": "string"
    },
    "caller_user": {
      "value": "AIDAVAIP3PCV5RYAGVSSD",
      "type": "string"
    },
    "current_region": {
      "value": "us-east-1",
      "type": "string"
    },
    "region_description": {
      "value": "US East (N. Virginia)",
      "type": "string"
    }
  },
  "resources": [
    {
      "mode": "data",
      "type": "aws_availability_zones",
      "name": "available",
      "provider": "provider[\"registry.terraform.io/hashicorp/aws\"]",
      "instances": [
        {
          "schema_version": 0,
          "attributes": {
            "all_availability_zones": null,
            "exclude_names": null,
            "exclude_zone_ids": null,
            "filter": null,
            "group_names": [
              "us-east-1-zg-1"
            ],
            "id": "us-east-1",
            "names": [
              "us-east-1a",
              "us-east-1b",
              "us-east-1c",
              "us-east-1d",
              "us-east-1e",
              "us-east-1f"
            ],
            "state": "available",
            "timeouts": null,
            "zone_ids": [
              "use1-az4",
              "use1-az6",
              "use1-az1",
              "use1-az2",
              "use1-az3",
              "use1-az5"
            ]
          },
          "sensitive_attributes": [],
          "identity_schema_version": 0
        }
      ]
    },
    {
      "mode": "data",
      "type": "aws_caller_identity",
      "name": "current",
      "provider": "provider[\"registry.terraform.io/hashicorp/aws\"]",
      "instances": [
        {
          "schema_version": 0,
          "attributes": {
            "account_id": "344167512235",
            "arn": "arn:aws:iam::344167512235:user/O.masood",
            "id": "344167512235",
            "user_id": "AIDAVAIP3PCV5RYAGVSSD"
          },
          "sensitive_attributes": [],
          "identity_schema_version": 0
        }
      ]
    },
    {
      "mode": "data",
      "type": "aws_region",
      "name": "current",
      "provider": "provider[\"registry.terraform.io/hashicorp/aws\"]",
      "instances": [
        {
          "schema_version": 0,
          "attributes": {
            "description": "US East (N. Virginia)",
            "endpoint": "ec2.us-east-1.amazonaws.com",
            "id": "us-east-1",
            "name": "us-east-1"
          },
          "sensitive_attributes": [],
          "identity_schema_version": 0
        }
      ]
    },
    {
      "mode": "managed",
      "type": "aws_s3_bucket",
      "name": "example",
      "provider": "provider[\"registry.terraform.io/hashicorp/aws\"]",
      "instances": [
        {
          "schema_version": 0,
          "attributes": {
            "acceleration_status": "",
            "acl": null,
            "arn": "arn:aws:s3:::terraform-gym-03-344167512235-us-east-1",
            "bucket": "terraform-gym-03-344167512235-us-east-1",
            "bucket_domain_name": "terraform-gym-03-344167512235-us-east-1.s3.amazonaws.com",
            "bucket_prefix": "",
            "bucket_regional_domain_name": "terraform-gym-03-344167512235-us-east-1.s3.us-east-1.amazonaws.com",
            "cors_rule": [],
            "force_destroy": true,
            "grant": [
              {
                "id": "6b18c305b502797d737b860536198add4ef2cb84218b2c56075041711c59ee01",
                "permissions": [
                  "FULL_CONTROL"
                ],
                "type": "CanonicalUser",
                "uri": ""
              }
            ],
            "hosted_zone_id": "Z3AQBSTGFYJSTF",
            "id": "terraform-gym-03-344167512235-us-east-1",
            "lifecycle_rule": [],
            "logging": [],
            "object_lock_configuration": [],
            "object_lock_enabled": false,
            "policy": "",
            "region": "us-east-1",
            "replication_configuration": [],
            "request_payer": "BucketOwner",
            "server_side_encryption_configuration": [
              {
                "rule": [
                  {
                    "apply_server_side_encryption_by_default": [
                      {
                        "kms_master_key_id": "",
                        "sse_algorithm": "AES256"
                      }
                    ],
                    "bucket_key_enabled": false
                  }
                ]
              }
            ],
            "tags": {
              "AZCount": "6",
              "AccountID": "344167512235",
              "Environment": "Learning",
              "FirstAZ": "us-east-1a",
              "ManagedBy": "Terraform",
              "Name": "Exercise 03 Data Sources Bucket",
              "Region": "us-east-1"
            },
            "tags_all": {
              "AZCount": "6",
              "AccountID": "344167512235",
              "Environment": "Learning",
              "FirstAZ": "us-east-1a",
              "ManagedBy": "Terraform",
              "Name": "Exercise 03 Data Sources Bucket",
              "Region": "us-east-1"
            },
            "timeouts": null,
            "versioning": [
              {
                "enabled": false,
                "mfa_delete": false
              }
            ],
            "website": [],
            "website_domain": null,
            "website_endpoint": null
          },
          "sensitive_attributes": [],
          "identity_schema_version": 0,
          "private": "eyJlMmJmYjczMC1lY2FhLTExZTYtOGY4OC0zNDM2M2JjN2M0YzAiOnsiY3JlYXRlIjoxMjAwMDAwMDAwMDAwLCJkZWxldGUiOjM2MDAwMDAwMDAwMDAsInJlYWQiOjEyMDAwMDAwMDAwMDAsInVwZGF0ZSI6MTIwMDAwMDAwMDAwMH19",
          "dependencies": [
            "data.aws_availability_zones.available",
            "data.aws_caller_identity.current",
            "data.aws_region.current"
          ]
        }
      ]
    }
  ],
  "check_results": null
}
