{
  "version": 4,
  "terraform_version": "1.14.2",
  "serial": 4,
  "lineage": "3804770b-00ed-7b8e-b255-809151713600",
  "outputs": {
    "bucket_arn": {
      "value": "arn:aws:s3:::bucket-meraj-2023",
      "type": "string"
    },
    "bucket_name": {
      "value": "bucket-meraj-2023",
      "type": "string"
    },
    "bucket_region": {
      "value": "us-east-1",
      "type": "string"
    },
    "bucket_tags": {
      "value": {
        "Environment": "Learning",
        "ManagedBy": "Terraform",
        "Name": "Exercise 02 Bucket"
      },
      "type": [
        "object",
        {
          "Environment": "string",
          "ManagedBy": "string",
          "Name": "string"
        }
      ],
      "sensitive": true
    }
  },
  "resources": [
    {
      "mode": "managed",
      "type": "aws_s3_bucket",
      "name": "example",
      "provider": "provider[\"registry.terraform.io/hashicorp/aws\"]",
      "instances": [
        {
          "schema_version": 0,
          "attributes": {
            "acceleration_status": "",
            "acl": null,
            "arn": "arn:aws:s3:::bucket-meraj-2023",
            "bucket": "bucket-meraj-2023",
            "bucket_domain_name": "bucket-meraj-2023.s3.amazonaws.com",
            "bucket_prefix": "",
            "bucket_regional_domain_name": "bucket-meraj-2023.s3.us-east-1.amazonaws.com",
            "cors_rule": [],
            "force_destroy": true,
            "grant": [
              {
                "id": "6b18c305b502797d737b860536198add4ef2cb84218b2c56075041711c59ee01",
                "permissions": [
                  "FULL_CONTROL"
                ],
                "type": "CanonicalUser",
                "uri": ""
              }
            ],
            "hosted_zone_id": "Z3AQBSTGFYJSTF",
            "id": "bucket-meraj-2023",
            "lifecycle_rule": [],
            "logging": [],
            "object_lock_configuration": [],
            "object_lock_enabled": false,
            "policy": "",
            "region": "us-east-1",
            "replication_configuration": [],
            "request_payer": "BucketOwner",
            "server_side_encryption_configuration": [
              {
                "rule": [
                  {
                    "apply_server_side_encryption_by_default": [
                      {
                        "kms_master_key_id": "",
                        "sse_algorithm": "AES256"
                      }
                    ],
                    "bucket_key_enabled": false
                  }
                ]
              }
            ],
            "tags": {
              "Environment": "Learning",
              "ManagedBy": "Terraform",
              "Name": "Exercise 02 Bucket"
            },
            "tags_all": {
              "Environment": "Learning",
              "ManagedBy": "Terraform",
              "Name": "Exercise 02 Bucket"
            },
            "timeouts": null,
            "versioning": [
              {
                "enabled": false,
                "mfa_delete": false
              }
            ],
            "website": [],
            "website_domain": null,
            "website_endpoint": null
          },
          "sensitive_attributes": [],
          "identity_schema_version": 0,
          "private": "eyJlMmJmYjczMC1lY2FhLTExZTYtOGY4OC0zNDM2M2JjN2M0YzAiOnsiY3JlYXRlIjoxMjAwMDAwMDAwMDAwLCJkZWxldGUiOjM2MDAwMDAwMDAwMDAsInJlYWQiOjEyMDAwMDAwMDAwMDAsInVwZGF0ZSI6MTIwMDAwMDAwMDAwMH19"
        }
      ]
    }
  ],
  "check_results": [
    {
      "object_kind": "var",
      "config_addr": "var.bucket_name",
      "status": "pass",
      "objects": [
        {
          "object_addr": "var.bucket_name",
          "status": "pass"
        }
      ]
    },
    {
      "object_kind": "var",
      "config_addr": "var.environment",
      "status": "pass",
      "objects": [
        {
          "object_addr": "var.environment",
          "status": "pass"
        }
      ]
    }
  ]
}
